
Microsoft Visual Studio Solution File, Format Version 12.00
# Visual Studio Version 17
VisualStudioVersion = 17.11.35312.102
MinimumVisualStudioVersion = 10.0.40219.1
Project("{FAE04EC0-301F-11D3-BF4B-00C04F79EFBC}") = "WPLMoviesOpdracht", "WPLMoviesOpdracht\WPLMoviesOpdracht.csproj", "{B76D4E32-E216-4609-B93F-08C347C2F073}"
EndProject
Global
	GlobalSection(SolutionConfigurationPlatforms) = preSolution
		Debug|Any CPU = Debug|Any CPU
		Release|Any CPU = Release|Any CPU
	EndGlobalSection
	GlobalSection(ProjectConfigurationPlatforms) = postSolution
		{B76D4E32-E216-4609-B93F-08C347C2F073}.Debug|Any CPU.ActiveCfg = Debug|Any CPU
		{B76D4E32-E216-4609-B93F-08C347C2F073}.Debug|Any CPU.Build.0 = Debug|Any CPU
		{B76D4E32-E216-4609-B93F-08C347C2F073}.Release|Any CPU.ActiveCfg = Release|Any CPU
		{B76D4E32-E216-4609-B93F-08C347C2F073}.Release|Any CPU.Build.0 = Release|Any CPU
	EndGlobalSection
	GlobalSection(SolutionProperties) = preSolution
		HideSolutionNode = FALSE
	EndGlobalSection
	GlobalSection(ExtensibilityGlobals) = postSolution
		SolutionGuid = {D14A8193-A6C6-4F0B-9A1F-7C41D03431D0}
	EndGlobalSection
EndGlobal
